
Microsoft Visual Studio Solution File, Format Version 12.00
# Visual Studio Version 17
VisualStudioVersion = 17.0.32002.185
MinimumVisualStudioVersion = 10.0.40219.1
Project("{FAE04EC0-301F-11D3-BF4B-00C04F79EFBC}") = "EducloudExample", "EducloudExample.csproj", "{0E7D8D47-4228-4605-BCBB-2B6912E77E19}"
EndProject
Global
	GlobalSection(SolutionConfigurationPlatforms) = preSolution
		Debug|Any CPU = Debug|Any CPU
		Release|Any CPU = Release|Any CPU
	EndGlobalSection
	GlobalSection(ProjectConfigurationPlatforms) = postSolution
		{0E7D8D47-4228-4605-BCBB-2B6912E77E19}.Debug|Any CPU.ActiveCfg = Debug|Any CPU
		{0E7D8D47-4228-4605-BCBB-2B6912E77E19}.Debug|Any CPU.Build.0 = Debug|Any CPU
		{0E7D8D47-4228-4605-BCBB-2B6912E77E19}.Release|Any CPU.ActiveCfg = Release|Any CPU
		{0E7D8D47-4228-4605-BCBB-2B6912E77E19}.Release|Any CPU.Build.0 = Release|Any CPU
	EndGlobalSection
	GlobalSection(SolutionProperties) = preSolution
		HideSolutionNode = FALSE
	EndGlobalSection
	GlobalSection(ExtensibilityGlobals) = postSolution
		SolutionGuid = {6BAC8FF2-AB8D-4675-9C35-2C3A61161504}
	EndGlobalSection
EndGlobal
